
Microsoft Visual Studio Solution File, Format Version 12.00
# Visual Studio Version 16
VisualStudioVersion = 16.0.29025.244
MinimumVisualStudioVersion = 10.0.40219.1
Project("{FAE04EC0-301F-11D3-BF4B-00C04F79EFBC}") = "XamarinListView.Android", "XamarinListView\XamarinListView.Android\XamarinListView.Android.csproj", "{4DAD984A-BD1A-460B-8B79-8E11098B7BED}"
EndProject
Project("{FAE04EC0-301F-11D3-BF4B-00C04F79EFBC}") = "XamarinListView.iOS", "XamarinListView\XamarinListView.iOS\XamarinListView.iOS.csproj", "{5D20B0F5-32A1-44A9-8C1D-F89CD8F24B65}"
EndProject
Project("{FAE04EC0-301F-11D3-BF4B-00C04F79EFBC}") = "XamarinListView", "XamarinListView\XamarinListView\XamarinListView.csproj", "{26A26FB5-4660-4225-877C-51FB9D7F325A}"
EndProject
Global
	GlobalSection(SolutionConfigurationPlatforms) = preSolution
		Debug|Any CPU = Debug|Any CPU
		Debug|iPhone = Debug|iPhone
		Debug|iPhoneSimulator = Debug|iPhoneSimulator
		Release|Any CPU = Release|Any CPU
		Release|iPhone = Release|iPhone
		Release|iPhoneSimulator = Release|iPhoneSimulator
	EndGlobalSection
	GlobalSection(ProjectConfigurationPlatforms) = postSolution
		{4DAD984A-BD1A-460B-8B79-8E11098B7BED}.Debug|Any CPU.ActiveCfg = Debug|Any CPU
		{4DAD984A-BD1A-460B-8B79-8E11098B7BED}.Debug|Any CPU.Build.0 = Debug|Any CPU
		{4DAD984A-BD1A-460B-8B79-8E11098B7BED}.Debug|Any CPU.Deploy.0 = Debug|Any CPU
		{4DAD984A-BD1A-460B-8B79-8E11098B7BED}.Debug|iPhone.ActiveCfg = Debug|Any CPU
		{4DAD984A-BD1A-460B-8B79-8E11098B7BED}.Debug|iPhone.Build.0 = Debug|Any CPU
		{4DAD984A-BD1A-460B-8B79-8E11098B7BED}.Debug|iPhone.Deploy.0 = Debug|Any CPU
		{4DAD984A-BD1A-460B-8B79-8E11098B7BED}.Debug|iPhoneSimulator.ActiveCfg = Debug|Any CPU
		{4DAD984A-BD1A-460B-8B79-8E11098B7BED}.Debug|iPhoneSimulator.Build.0 = Debug|Any CPU
		{4DAD984A-BD1A-460B-8B79-8E11098B7BED}.Debug|iPhoneSimulator.Deploy.0 = Debug|Any CPU
		{4DAD984A-BD1A-460B-8B79-8E11098B7BED}.Release|Any CPU.ActiveCfg = Release|Any CPU
		{4DAD984A-BD1A-460B-8B79-8E11098B7BED}.Release|Any CPU.Build.0 = Release|Any CPU
		{4DAD984A-BD1A-460B-8B79-8E11098B7BED}.Release|Any CPU.Deploy.0 = Release|Any CPU
		{4DAD984A-BD1A-460B-8B79-8E11098B7BED}.Release|iPhone.ActiveCfg = Release|Any CPU
		{4DAD984A-BD1A-460B-8B79-8E11098B7BED}.Release|iPhone.Build.0 = Release|Any CPU
		{4DAD984A-BD1A-460B-8B79-8E11098B7BED}.Release|iPhone.Deploy.0 = Release|Any CPU
		{4DAD984A-BD1A-460B-8B79-8E11098B7BED}.Release|iPhoneSimulator.ActiveCfg = Release|Any CPU
		{4DAD984A-BD1A-460B-8B79-8E11098B7BED}.Release|iPhoneSimulator.Build.0 = Release|Any CPU
		{4DAD984A-BD1A-460B-8B79-8E11098B7BED}.Release|iPhoneSimulator.Deploy.0 = Release|Any CPU
		{5D20B0F5-32A1-44A9-8C1D-F89CD8F24B65}.Debug|Any CPU.ActiveCfg = Debug|iPhoneSimulator
		{5D20B0F5-32A1-44A9-8C1D-F89CD8F24B65}.Debug|Any CPU.Build.0 = Debug|iPhoneSimulator
		{5D20B0F5-32A1-44A9-8C1D-F89CD8F24B65}.Debug|Any CPU.Deploy.0 = Debug|iPhoneSimulator
		{5D20B0F5-32A1-44A9-8C1D-F89CD8F24B65}.Debug|iPhone.ActiveCfg = Debug|iPhone
		{5D20B0F5-32A1-44A9-8C1D-F89CD8F24B65}.Debug|iPhone.Build.0 = Debug|iPhone
		{5D20B0F5-32A1-44A9-8C1D-F89CD8F24B65}.Debug|iPhone.Deploy.0 = Debug|iPhone
		{5D20B0F5-32A1-44A9-8C1D-F89CD8F24B65}.Debug|iPhoneSimulator.ActiveCfg = Debug|iPhoneSimulator
		{5D20B0F5-32A1-44A9-8C1D-F89CD8F24B65}.Debug|iPhoneSimulator.Build.0 = Debug|iPhoneSimulator
		{5D20B0F5-32A1-44A9-8C1D-F89CD8F24B65}.Debug|iPhoneSimulator.Deploy.0 = Debug|iPhoneSimulator
		{5D20B0F5-32A1-44A9-8C1D-F89CD8F24B65}.Release|Any CPU.ActiveCfg = Release|iPhone
		{5D20B0F5-32A1-44A9-8C1D-F89CD8F24B65}.Release|Any CPU.Build.0 = Release|iPhone
		{5D20B0F5-32A1-44A9-8C1D-F89CD8F24B65}.Release|Any CPU.Deploy.0 = Release|iPhone
		{5D20B0F5-32A1-44A9-8C1D-F89CD8F24B65}.Release|iPhone.ActiveCfg = Release|iPhone
		{5D20B0F5-32A1-44A9-8C1D-F89CD8F24B65}.Release|iPhone.Build.0 = Release|iPhone
		{5D20B0F5-32A1-44A9-8C1D-F89CD8F24B65}.Release|iPhone.Deploy.0 = Release|iPhone
		{5D20B0F5-32A1-44A9-8C1D-F89CD8F24B65}.Release|iPhoneSimulator.ActiveCfg = Release|iPhoneSimulator
		{5D20B0F5-32A1-44A9-8C1D-F89CD8F24B65}.Release|iPhoneSimulator.Build.0 = Release|iPhoneSimulator
		{5D20B0F5-32A1-44A9-8C1D-F89CD8F24B65}.Release|iPhoneSimulator.Deploy.0 = Release|iPhoneSimulator
		{26A26FB5-4660-4225-877C-51FB9D7F325A}.Debug|Any CPU.ActiveCfg = Debug|Any CPU
		{26A26FB5-4660-4225-877C-51FB9D7F325A}.Debug|Any CPU.Build.0 = Debug|Any CPU
		{26A26FB5-4660-4225-877C-51FB9D7F325A}.Debug|Any CPU.Deploy.0 = Debug|Any CPU
		{26A26FB5-4660-4225-877C-51FB9D7F325A}.Debug|iPhone.ActiveCfg = Debug|Any CPU
		{26A26FB5-4660-4225-877C-51FB9D7F325A}.Debug|iPhone.Build.0 = Debug|Any CPU
		{26A26FB5-4660-4225-877C-51FB9D7F325A}.Debug|iPhone.Deploy.0 = Debug|Any CPU
		{26A26FB5-4660-4225-877C-51FB9D7F325A}.Debug|iPhoneSimulator.ActiveCfg = Debug|Any CPU
		{26A26FB5-4660-4225-877C-51FB9D7F325A}.Debug|iPhoneSimulator.Build.0 = Debug|Any CPU
		{26A26FB5-4660-4225-877C-51FB9D7F325A}.Debug|iPhoneSimulator.Deploy.0 = Debug|Any CPU
		{26A26FB5-4660-4225-877C-51FB9D7F325A}.Release|Any CPU.ActiveCfg = Release|Any CPU
		{26A26FB5-4660-4225-877C-51FB9D7F325A}.Release|Any CPU.Build.0 = Release|Any CPU
		{26A26FB5-4660-4225-877C-51FB9D7F325A}.Release|Any CPU.Deploy.0 = Release|Any CPU
		{26A26FB5-4660-4225-877C-51FB9D7F325A}.Release|iPhone.ActiveCfg = Release|Any CPU
		{26A26FB5-4660-4225-877C-51FB9D7F325A}.Release|iPhone.Build.0 = Release|Any CPU
		{26A26FB5-4660-4225-877C-51FB9D7F325A}.Release|iPhone.Deploy.0 = Release|Any CPU
		{26A26FB5-4660-4225-877C-51FB9D7F325A}.Release|iPhoneSimulator.ActiveCfg = Release|Any CPU
		{26A26FB5-4660-4225-877C-51FB9D7F325A}.Release|iPhoneSimulator.Build.0 = Release|Any CPU
		{26A26FB5-4660-4225-877C-51FB9D7F325A}.Release|iPhoneSimulator.Deploy.0 = Release|Any CPU
	EndGlobalSection
	GlobalSection(SolutionProperties) = preSolution
		HideSolutionNode = FALSE
	EndGlobalSection
	GlobalSection(ExtensibilityGlobals) = postSolution
		SolutionGuid = {70CFA960-D3E0-46D7-AA27-A4B7D0CC7FB2}
	EndGlobalSection
EndGlobal
